Microsoft Visual Studio Solution File, Format Version 12.00
# Visual Studio Version 17
VisualStudioVersion = 17.5.2.0
MinimumVisualStudioVersion = 10.0.40219.1
Project("{FAE04EC0-301F-11D3-BF4B-00C04F79EFBC}") = "QuanLyQuanNet", "QuanLyQuanNet.csproj", "{365F3C05-22D7-E0C8-4607-3031422EB07F}"
EndProject
Global
	GlobalSection(SolutionConfigurationPlatforms) = preSolution
		Debug|Any CPU = Debug|Any CPU
		Release|Any CPU = Release|Any CPU
	EndGlobalSection
	GlobalSection(ProjectConfigurationPlatforms) = postSolution
		{365F3C05-22D7-E0C8-4607-3031422EB07F}.Debug|Any CPU.ActiveCfg = Debug|Any CPU
		{365F3C05-22D7-E0C8-4607-3031422EB07F}.Debug|Any CPU.Build.0 = Debug|Any CPU
		{365F3C05-22D7-E0C8-4607-3031422EB07F}.Release|Any CPU.ActiveCfg = Release|Any CPU
		{365F3C05-22D7-E0C8-4607-3031422EB07F}.Release|Any CPU.Build.0 = Release|Any CPU
	EndGlobalSection
	GlobalSection(SolutionProperties) = preSolution
		HideSolutionNode = FALSE
	EndGlobalSection
	GlobalSection(ExtensibilityGlobals) = postSolution
		SolutionGuid = {2ED985B5-14D1-47A2-86BC-A7A576BFA6A7}
	EndGlobalSection
EndGlobal
